
Microsoft Visual Studio Solution File, Format Version 12.00
# Visual Studio 15
VisualStudioVersion = 15.0.28307.852
MinimumVisualStudioVersion = 10.0.40219.1
Project("{FAE04EC0-301F-11D3-BF4B-00C04F79EFBC}") = "PsychometricChartCalculations", "PsychometricChartCalculations\PsychometricChartCalculations.csproj", "{D6964196-33AD-4513-91B7-7E8DBFD8B53F}"
EndProject
Global
	GlobalSection(SolutionConfigurationPlatforms) = preSolution
		Debug|Any CPU = Debug|Any CPU
		Release|Any CPU = Release|Any CPU
	EndGlobalSection
	GlobalSection(ProjectConfigurationPlatforms) = postSolution
		{D6964196-33AD-4513-91B7-7E8DBFD8B53F}.Debug|Any CPU.ActiveCfg = Debug|Any CPU
		{D6964196-33AD-4513-91B7-7E8DBFD8B53F}.Debug|Any CPU.Build.0 = Debug|Any CPU
		{D6964196-33AD-4513-91B7-7E8DBFD8B53F}.Release|Any CPU.ActiveCfg = Release|Any CPU
		{D6964196-33AD-4513-91B7-7E8DBFD8B53F}.Release|Any CPU.Build.0 = Release|Any CPU
	EndGlobalSection
	GlobalSection(SolutionProperties) = preSolution
		HideSolutionNode = FALSE
	EndGlobalSection
	GlobalSection(ExtensibilityGlobals) = postSolution
		SolutionGuid = {79E7999E-74AB-425D-8EF6-87E5B0B42F9F}
	EndGlobalSection
EndGlobal
